<?xml version="1.0" encoding="utf-8"?>
<Project ToolsVersion="4.0" xmlns="http://schemas.microsoft.com/developer/msbuild/2003">
  <ItemGroup>
    <Filter Include="소스 파일">
      <UniqueIdentifier>{4FC737F1-C7A5-4376-A066-2A32D752A2FF}</UniqueIdentifier>
      <Extensions>cpp;c;cc;cxx;c++;cppm;ixx;def;odl;idl;hpj;bat;asm;asmx</Extensions>
    </Filter>
    <Filter Include="헤더 파일">
      <UniqueIdentifier>{93995380-89BD-4b04-88EB-625FBE52EBFB}</UniqueIdentifier>
      <Extensions>h;hh;hpp;hxx;h++;hm;inl;inc;ipp;xsd</Extensions>
    </Filter>
    <Filter Include="리소스 파일">
      <UniqueIdentifier>{67DA6AB6-F800-4c08-8B7A-83BB121AAD01}</UniqueIdentifier>
      <Extensions>rc;ico;cur;bmp;dlg;rc2;rct;bin;rgs;gif;jpg;jpeg;jpe;resx;tiff;tif;png;wav;mfcribbon-ms</Extensions>
    </Filter>
    <Filter Include="소스 파일\04. loop">
      <UniqueIdentifier>{0d1acea7-dd85-4313-96fe-52d3dcb6e128}</UniqueIdentifier>
    </Filter>
    <Filter Include="소스 파일\06. string">
      <UniqueIdentifier>{78ea8420-f02b-4799-a8ca-a7264072df4e}</UniqueIdentifier>
    </Filter>
    <Filter Include="소스 파일\05. function">
      <UniqueIdentifier>{6ce9a2ff-c942-48ed-a523-b55a215b0165}</UniqueIdentifier>
    </Filter>
    <Filter Include="소스 파일\Baekjoon">
      <UniqueIdentifier>{b666650b-210b-445f-b73c-472a10a31ca0}</UniqueIdentifier>
    </Filter>
    <Filter Include="소스 파일\Baekjoon\DP">
      <UniqueIdentifier>{562fba7d-cd04-4439-999f-dfaf234060dc}</UniqueIdentifier>
    </Filter>
    <Filter Include="소스 파일\OverClass">
      <UniqueIdentifier>{c5bf8f8d-f6c7-4c14-bafb-a1ffcf88e7de}</UniqueIdentifier>
    </Filter>
  </ItemGroup>
  <ItemGroup>
    <ClCompile Include="12_15 BaekJoon4344.cpp">
      <Filter>소스 파일\04. loop</Filter>
    </ClCompile>
    <ClCompile Include="12_15 BaekJoon15596.cpp">
      <Filter>소스 파일\05. function</Filter>
    </ClCompile>
    <ClCompile Include="12_15 BaekJoon4673.cpp">
      <Filter>소스 파일\05. function</Filter>
    </ClCompile>
    <ClCompile Include="12_15 BaekJoon1065.cpp">
      <Filter>소스 파일\05. function</Filter>
    </ClCompile>
    <ClCompile Include="12_15 BaekJoon11654.cpp">
      <Filter>소스 파일\06. string</Filter>
    </ClCompile>
    <ClCompile Include="12_15 BaekJoon11720.cpp">
      <Filter>소스 파일\06. string</Filter>
    </ClCompile>
    <ClCompile Include="12_15 Baekjoon10809.cpp">
      <Filter>소스 파일\06. string</Filter>
    </ClCompile>
    <ClCompile Include="12_15 BaekJoon2675.cpp">
      <Filter>소스 파일\06. string</Filter>
    </ClCompile>
    <ClCompile Include="12_19 BaekJoon14501.cpp">
      <Filter>소스 파일\Baekjoon\DP</Filter>
    </ClCompile>
    <ClCompile Include="12_19 BaekJoon18353.cpp">
      <Filter>소스 파일\Baekjoon\DP</Filter>
    </ClCompile>
    <ClCompile Include="12_20 BaekJoon1890.cpp">
      <Filter>소스 파일\Baekjoon\DP</Filter>
    </ClCompile>
    <ClCompile Include="12_20 BaekJoon12869.cpp">
      <Filter>소스 파일\Baekjoon\DP</Filter>
    </ClCompile>
    <ClCompile Include="12_21 BaekJoon1157.cpp">
      <Filter>소스 파일\06. string</Filter>
    </ClCompile>
    <ClCompile Include="OCKimhuisu.cpp">
      <Filter>소스 파일\OverClass</Filter>
    </ClCompile>
  </ItemGroup>
</Project>